
Microsoft Visual Studio Solution File, Format Version 12.00
# Visual Studio Version 17
VisualStudioVersion = 17.11.35222.181
MinimumVisualStudioVersion = 10.0.40219.1
Project("{FAE04EC0-301F-11D3-BF4B-00C04F79EFBC}") = "QLPhongKham", "QLPhongKham.csproj", "{806CD7FF-9F3F-45BB-8F2A-BACB6262B326}"
EndProject
Global
	GlobalSection(SolutionConfigurationPlatforms) = preSolution
		Debug|Any CPU = Debug|Any CPU
		Release|Any CPU = Release|Any CPU
	EndGlobalSection
	GlobalSection(ProjectConfigurationPlatforms) = postSolution
		{806CD7FF-9F3F-45BB-8F2A-BACB6262B326}.Debug|Any CPU.ActiveCfg = Debug|Any CPU
		{806CD7FF-9F3F-45BB-8F2A-BACB6262B326}.Debug|Any CPU.Build.0 = Debug|Any CPU
		{806CD7FF-9F3F-45BB-8F2A-BACB6262B326}.Release|Any CPU.ActiveCfg = Release|Any CPU
		{806CD7FF-9F3F-45BB-8F2A-BACB6262B326}.Release|Any CPU.Build.0 = Release|Any CPU
	EndGlobalSection
	GlobalSection(SolutionProperties) = preSolution
		HideSolutionNode = FALSE
	EndGlobalSection
	GlobalSection(ExtensibilityGlobals) = postSolution
		SolutionGuid = {977A8612-229B-4CEA-82FF-81DD1FF3F308}
	EndGlobalSection
EndGlobal
