
Microsoft Visual Studio Solution File, Format Version 12.00
# Visual Studio Version 17
VisualStudioVersion = 17.11.35222.181
MinimumVisualStudioVersion = 10.0.40219.1
Project("{FAE04EC0-301F-11D3-BF4B-00C04F79EFBC}") = "WindowsFormsApp3", "WindowsFormsApp3\WindowsFormsApp3.csproj", "{D586A4A4-A56E-45EA-8090-69E17F1E345E}"
EndProject
Global
	GlobalSection(SolutionConfigurationPlatforms) = preSolution
		Debug|Any CPU = Debug|Any CPU
		Release|Any CPU = Release|Any CPU
	EndGlobalSection
	GlobalSection(ProjectConfigurationPlatforms) = postSolution
		{D586A4A4-A56E-45EA-8090-69E17F1E345E}.Debug|Any CPU.ActiveCfg = Debug|Any CPU
		{D586A4A4-A56E-45EA-8090-69E17F1E345E}.Debug|Any CPU.Build.0 = Debug|Any CPU
		{D586A4A4-A56E-45EA-8090-69E17F1E345E}.Release|Any CPU.ActiveCfg = Release|Any CPU
		{D586A4A4-A56E-45EA-8090-69E17F1E345E}.Release|Any CPU.Build.0 = Release|Any CPU
	EndGlobalSection
	GlobalSection(SolutionProperties) = preSolution
		HideSolutionNode = FALSE
	EndGlobalSection
	GlobalSection(ExtensibilityGlobals) = postSolution
		SolutionGuid = {EE194638-3E32-4889-9140-A9EACDF37528}
	EndGlobalSection
EndGlobal
