
Microsoft Visual Studio Solution File, Format Version 12.00
# Visual Studio Version 17
VisualStudioVersion = 17.11.35222.181
MinimumVisualStudioVersion = 10.0.40219.1
Project("{FAE04EC0-301F-11D3-BF4B-00C04F79EFBC}") = "CTNgheNhac", "CTNgheNhac\CTNgheNhac.csproj", "{16902DA0-D0B9-4B32-9CF7-2A7749296CF8}"
EndProject
Global
	GlobalSection(SolutionConfigurationPlatforms) = preSolution
		Debug|Any CPU = Debug|Any CPU
		Release|Any CPU = Release|Any CPU
	EndGlobalSection
	GlobalSection(ProjectConfigurationPlatforms) = postSolution
		{16902DA0-D0B9-4B32-9CF7-2A7749296CF8}.Debug|Any CPU.ActiveCfg = Debug|Any CPU
		{16902DA0-D0B9-4B32-9CF7-2A7749296CF8}.Debug|Any CPU.Build.0 = Debug|Any CPU
		{16902DA0-D0B9-4B32-9CF7-2A7749296CF8}.Release|Any CPU.ActiveCfg = Release|Any CPU
		{16902DA0-D0B9-4B32-9CF7-2A7749296CF8}.Release|Any CPU.Build.0 = Release|Any CPU
	EndGlobalSection
	GlobalSection(SolutionProperties) = preSolution
		HideSolutionNode = FALSE
	EndGlobalSection
	GlobalSection(ExtensibilityGlobals) = postSolution
		SolutionGuid = {586F5EF2-75FC-42A1-B5AB-0BBFC3740CFC}
	EndGlobalSection
EndGlobal
