
Microsoft Visual Studio Solution File, Format Version 12.00
# Visual Studio Version 17
VisualStudioVersion = 17.10.35122.118
MinimumVisualStudioVersion = 10.0.40219.1
Project("{FAE04EC0-301F-11D3-BF4B-00C04F79EFBC}") = "WindowsFormsApp1", "WindowsFormsApp1\WindowsFormsApp1.csproj", "{5EFC8D07-36BB-4391-8D4A-034B138D32C5}"
EndProject
Global
	GlobalSection(SolutionConfigurationPlatforms) = preSolution
		Debug|Any CPU = Debug|Any CPU
		Release|Any CPU = Release|Any CPU
	EndGlobalSection
	GlobalSection(ProjectConfigurationPlatforms) = postSolution
		{5EFC8D07-36BB-4391-8D4A-034B138D32C5}.Debug|Any CPU.ActiveCfg = Debug|Any CPU
		{5EFC8D07-36BB-4391-8D4A-034B138D32C5}.Debug|Any CPU.Build.0 = Debug|Any CPU
		{5EFC8D07-36BB-4391-8D4A-034B138D32C5}.Release|Any CPU.ActiveCfg = Release|Any CPU
		{5EFC8D07-36BB-4391-8D4A-034B138D32C5}.Release|Any CPU.Build.0 = Release|Any CPU
	EndGlobalSection
	GlobalSection(SolutionProperties) = preSolution
		HideSolutionNode = FALSE
	EndGlobalSection
	GlobalSection(ExtensibilityGlobals) = postSolution
		SolutionGuid = {6FB0AC10-71A0-4FB1-A71F-6F3CB093E373}
	EndGlobalSection
EndGlobal
